
Microsoft Visual Studio Solution File, Format Version 12.00
# Visual Studio Version 17
VisualStudioVersion = 17.9.34728.123
MinimumVisualStudioVersion = 10.0.40219.1
Project("{FAE04EC0-301F-11D3-BF4B-00C04F79EFBC}") = "Library_manangement", "Library_manangement\Library_manangement.csproj", "{8CE9988B-FD00-4BB1-92CD-48F7E513857A}"
EndProject
Global
	GlobalSection(SolutionConfigurationPlatforms) = preSolution
		Debug|Any CPU = Debug|Any CPU
		Release|Any CPU = Release|Any CPU
	EndGlobalSection
	GlobalSection(ProjectConfigurationPlatforms) = postSolution
		{8CE9988B-FD00-4BB1-92CD-48F7E513857A}.Debug|Any CPU.ActiveCfg = Debug|Any CPU
		{8CE9988B-FD00-4BB1-92CD-48F7E513857A}.Debug|Any CPU.Build.0 = Debug|Any CPU
		{8CE9988B-FD00-4BB1-92CD-48F7E513857A}.Release|Any CPU.ActiveCfg = Release|Any CPU
		{8CE9988B-FD00-4BB1-92CD-48F7E513857A}.Release|Any CPU.Build.0 = Release|Any CPU
	EndGlobalSection
	GlobalSection(SolutionProperties) = preSolution
		HideSolutionNode = FALSE
	EndGlobalSection
	GlobalSection(ExtensibilityGlobals) = postSolution
		SolutionGuid = {17D5106D-D625-4D89-ADA6-363FCE4965A0}
	EndGlobalSection
EndGlobal
